# THIS IS AN AUTOGENERATED FILE. DO NOT EDIT THIS FILE DIRECTLY.
# yarn lockfile v1


balanced-match@^0.4.1:
  version "0.4.2"
  resolved "https://registry.npmjs.org/balanced-match/-/balanced-match-0.4.2.tgz#cb3f3e3c732dc0f01ee70b403f302e61d7709838"

brace-expansion@^1.0.0:
  version "1.1.6"
  resolved "https://registry.npmjs.org/brace-expansion/-/brace-expansion-1.1.6.tgz#7197d7eaa9b87e648390ea61fc66c84427420df9"
  dependencies:
    balanced-match "^0.4.1"
    concat-map "0.0.1"

concat-map@0.0.1:
  version "0.0.1"
  resolved "https://registry.npmjs.org/concat-map/-/concat-map-0.0.1.tgz#d8a96bd77fd68df7793a73036a3ba0d5405d477b"

ensure-posix-path@^1.0.0:
  version "1.0.2"
  resolved "https://registry.npmjs.org/ensure-posix-path/-/ensure-posix-path-1.0.2.tgz#a65b3e42d0b71cfc585eb774f9943c8d9b91b0c2"

fs-extra@^2.0.0:
  version "2.0.0"
  resolved "https://registry.npmjs.org/fs-extra/-/fs-extra-2.0.0.tgz#337352bded4a0b714f3eb84de8cea765e9d37600"
  dependencies:
    graceful-fs "^4.1.2"
    jsonfile "^2.1.0"

graceful-fs@^4.1.2, graceful-fs@^4.1.6:
  version "4.1.11"
  resolved "https://registry.npmjs.org/graceful-fs/-/graceful-fs-4.1.11.tgz#0e8bdfe4d1ddb8854d64e04ea7c00e2a026e5658"

jsonfile@^2.1.0:
  version "2.4.0"
  resolved "https://registry.npmjs.org/jsonfile/-/jsonfile-2.4.0.tgz#3736a2b428b87bbda0cc83b53fa3d633a35c2ae8"
  optionalDependencies:
    graceful-fs "^4.1.6"

matcher-collection@^1.0.0:
  version "1.0.4"
  resolved "https://registry.npmjs.org/matcher-collection/-/matcher-collection-1.0.4.tgz#2f66ae0869996f29e43d0b62c83dd1d43e581755"
  dependencies:
    minimatch "^3.0.2"

minimatch@^3.0.2:
  version "3.0.3"
  resolved "https://registry.npmjs.org/minimatch/-/minimatch-3.0.3.tgz#2a4e4090b96b2db06a9d7df01055a62a77c9b774"
  dependencies:
    brace-expansion "^1.0.0"

walk-sync@^0.3.1:
  version "0.3.1"
  resolved "https://registry.npmjs.org/walk-sync/-/walk-sync-0.3.1.tgz#558a16aeac8c0db59c028b73c66f397684ece465"
  dependencies:
    ensure-posix-path "^1.0.0"
    matcher-collection "^1.0.0"

zlib@^1.0.5:
  version "1.0.5"
  resolved "https://registry.npmjs.org/zlib/-/zlib-1.0.5.tgz#6e7c972fc371c645a6afb03ab14769def114fcc0"
